
Microsoft Visual Studio Solution File, Format Version 12.00
Project("{F2A71F9B-5D33-465A-A702-920D77279786}") = "sifsp", "sifsp\sifsp.fsproj", "{BC71EBA2-98D2-4E20-9D99-DAC0CDB1D1DF}"
EndProject
Global
	GlobalSection(SolutionConfigurationPlatforms) = preSolution
		Debug|Any CPU = Debug|Any CPU
		Release|Any CPU = Release|Any CPU
	EndGlobalSection
	GlobalSection(ProjectConfigurationPlatforms) = postSolution
		{BC71EBA2-98D2-4E20-9D99-DAC0CDB1D1DF}.Debug|Any CPU.ActiveCfg = Debug|Any CPU
		{BC71EBA2-98D2-4E20-9D99-DAC0CDB1D1DF}.Debug|Any CPU.Build.0 = Debug|Any CPU
		{BC71EBA2-98D2-4E20-9D99-DAC0CDB1D1DF}.Release|Any CPU.ActiveCfg = Release|Any CPU
		{BC71EBA2-98D2-4E20-9D99-DAC0CDB1D1DF}.Release|Any CPU.Build.0 = Release|Any CPU
	EndGlobalSection
EndGlobal
